
Microsoft Visual Studio Solution File, Format Version 12.00
# Visual Studio Version 17
VisualStudioVersion = 17.6.33829.357
MinimumVisualStudioVersion = 10.0.40219.1
Project("{FAE04EC0-301F-11D3-BF4B-00C04F79EFBC}") = "MadeByMe", "MadeByMe\MadeByMe.csproj", "{FEFDEECB-FCD3-4A89-9CFC-6B0E6E95B875}"
EndProject
Global
	GlobalSection(SolutionConfigurationPlatforms) = preSolution
		Debug|Any CPU = Debug|Any CPU
		Release|Any CPU = Release|Any CPU
	EndGlobalSection
	GlobalSection(ProjectConfigurationPlatforms) = postSolution
		{FEFDEECB-FCD3-4A89-9CFC-6B0E6E95B875}.Debug|Any CPU.ActiveCfg = Debug|Any CPU
		{FEFDEECB-FCD3-4A89-9CFC-6B0E6E95B875}.Debug|Any CPU.Build.0 = Debug|Any CPU
		{FEFDEECB-FCD3-4A89-9CFC-6B0E6E95B875}.Release|Any CPU.ActiveCfg = Release|Any CPU
		{FEFDEECB-FCD3-4A89-9CFC-6B0E6E95B875}.Release|Any CPU.Build.0 = Release|Any CPU
	EndGlobalSection
	GlobalSection(SolutionProperties) = preSolution
		HideSolutionNode = FALSE
	EndGlobalSection
	GlobalSection(ExtensibilityGlobals) = postSolution
		SolutionGuid = {4B00BA3D-489E-44FF-9D3D-3E328108EF32}
	EndGlobalSection
EndGlobal
